
Microsoft Visual Studio Solution File, Format Version 12.00
# Visual Studio Version 17
VisualStudioVersion = 17.14.36327.8 d17.14
MinimumVisualStudioVersion = 10.0.40219.1
Project("{8BC9CEB8-8B4A-11D0-8D11-00A0C91BC942}") = "CastroGerardoAssignment2", "CastroGerardoAssignment2.vcxproj", "{22569123-7F76-4D96-8B86-A50A85D28E6C}"
EndProject
Global
	GlobalSection(SolutionConfigurationPlatforms) = preSolution
		Debug|x64 = Debug|x64
		Debug|x86 = Debug|x86
		Release|x64 = Release|x64
		Release|x86 = Release|x86
	EndGlobalSection
	GlobalSection(ProjectConfigurationPlatforms) = postSolution
		{22569123-7F76-4D96-8B86-A50A85D28E6C}.Debug|x64.ActiveCfg = Debug|x64
		{22569123-7F76-4D96-8B86-A50A85D28E6C}.Debug|x64.Build.0 = Debug|x64
		{22569123-7F76-4D96-8B86-A50A85D28E6C}.Debug|x86.ActiveCfg = Debug|Win32
		{22569123-7F76-4D96-8B86-A50A85D28E6C}.Debug|x86.Build.0 = Debug|Win32
		{22569123-7F76-4D96-8B86-A50A85D28E6C}.Release|x64.ActiveCfg = Release|x64
		{22569123-7F76-4D96-8B86-A50A85D28E6C}.Release|x64.Build.0 = Release|x64
		{22569123-7F76-4D96-8B86-A50A85D28E6C}.Release|x86.ActiveCfg = Release|Win32
		{22569123-7F76-4D96-8B86-A50A85D28E6C}.Release|x86.Build.0 = Release|Win32
	EndGlobalSection
	GlobalSection(SolutionProperties) = preSolution
		HideSolutionNode = FALSE
	EndGlobalSection
	GlobalSection(ExtensibilityGlobals) = postSolution
		SolutionGuid = {AFF51FE1-24ED-478C-8D11-9AACD344F3AB}
	EndGlobalSection
EndGlobal
